
Microsoft Visual Studio Solution File, Format Version 12.00
# Visual Studio Version 16
VisualStudioVersion = 16.0.31624.102
MinimumVisualStudioVersion = 10.0.40219.1
Project("{FAE04EC0-301F-11D3-BF4B-00C04F79EFBC}") = "CrossplatformExcelGenerationWithImages", "CrossplatformExcelGenerationWithImages.csproj", "{5AF01DB7-9A80-4812-BF2D-4CD67B10162C}"
EndProject
Global
	GlobalSection(SolutionConfigurationPlatforms) = preSolution
		Debug|Any CPU = Debug|Any CPU
		Release|Any CPU = Release|Any CPU
	EndGlobalSection
	GlobalSection(ProjectConfigurationPlatforms) = postSolution
		{5AF01DB7-9A80-4812-BF2D-4CD67B10162C}.Debug|Any CPU.ActiveCfg = Debug|Any CPU
		{5AF01DB7-9A80-4812-BF2D-4CD67B10162C}.Debug|Any CPU.Build.0 = Debug|Any CPU
		{5AF01DB7-9A80-4812-BF2D-4CD67B10162C}.Release|Any CPU.ActiveCfg = Release|Any CPU
		{5AF01DB7-9A80-4812-BF2D-4CD67B10162C}.Release|Any CPU.Build.0 = Release|Any CPU
	EndGlobalSection
	GlobalSection(SolutionProperties) = preSolution
		HideSolutionNode = FALSE
	EndGlobalSection
	GlobalSection(ExtensibilityGlobals) = postSolution
		SolutionGuid = {D4B4974D-ACD8-44CC-AA08-2BF5DD71D796}
	EndGlobalSection
EndGlobal
